
Microsoft Visual Studio Solution File, Format Version 12.00
# Visual Studio Version 16
VisualStudioVersion = 16.0.32002.261
MinimumVisualStudioVersion = 10.0.40219.1
Project("{FAE04EC0-301F-11D3-BF4B-00C04F79EFBC}") = "EmployeeManagementSystem", "EmployeeManagementSystem\EmployeeManagementSystem.csproj", "{414E2455-975C-4545-91E4-B5A624501771}"
EndProject
Project("{54435603-DBB4-11D2-8724-00A0C9A8B90C}") = "Setup", "Setup\Setup.vdproj", "{4A8D7670-005A-4FC1-9987-E89FB263B220}"
EndProject
Global
	GlobalSection(SolutionConfigurationPlatforms) = preSolution
		Debug|Any CPU = Debug|Any CPU
		Release|Any CPU = Release|Any CPU
	EndGlobalSection
	GlobalSection(ProjectConfigurationPlatforms) = postSolution
		{414E2455-975C-4545-91E4-B5A624501771}.Debug|Any CPU.ActiveCfg = Debug|Any CPU
		{414E2455-975C-4545-91E4-B5A624501771}.Debug|Any CPU.Build.0 = Debug|Any CPU
		{414E2455-975C-4545-91E4-B5A624501771}.Release|Any CPU.ActiveCfg = Release|Any CPU
		{414E2455-975C-4545-91E4-B5A624501771}.Release|Any CPU.Build.0 = Release|Any CPU
		{4A8D7670-005A-4FC1-9987-E89FB263B220}.Debug|Any CPU.ActiveCfg = Debug
		{4A8D7670-005A-4FC1-9987-E89FB263B220}.Release|Any CPU.ActiveCfg = Release
	EndGlobalSection
	GlobalSection(SolutionProperties) = preSolution
		HideSolutionNode = FALSE
	EndGlobalSection
	GlobalSection(ExtensibilityGlobals) = postSolution
		SolutionGuid = {6E5EA3AD-3D69-4297-9666-51D92DC49C22}
	EndGlobalSection
EndGlobal
